
Microsoft Visual Studio Solution File, Format Version 12.00
# Visual Studio Version 17
VisualStudioVersion = 17.8.34112.27
MinimumVisualStudioVersion = 10.0.40219.1
Project("{9A19103F-16F7-4668-BE54-9A1E7A4F7556}") = "AvaloniaSourceGeneratedViewLocation", "AvaloniaSourceGeneratedViewLocation.csproj", "{8099C450-93BB-4915-93E4-81EC2D932F8A}"
EndProject
Project("{9A19103F-16F7-4668-BE54-9A1E7A4F7556}") = "SourceGenerator.ViewLocator", "SourceGenerator.ViewLocator\SourceGenerator.ViewLocator.csproj", "{450FF36C-2A3C-4AE0-A953-DD778FE2E8BB}"
EndProject
Global
	GlobalSection(SolutionConfigurationPlatforms) = preSolution
		Debug|Any CPU = Debug|Any CPU
		Release|Any CPU = Release|Any CPU
	EndGlobalSection
	GlobalSection(ProjectConfigurationPlatforms) = postSolution
		{8099C450-93BB-4915-93E4-81EC2D932F8A}.Debug|Any CPU.ActiveCfg = Debug|Any CPU
		{8099C450-93BB-4915-93E4-81EC2D932F8A}.Debug|Any CPU.Build.0 = Debug|Any CPU
		{8099C450-93BB-4915-93E4-81EC2D932F8A}.Release|Any CPU.ActiveCfg = Release|Any CPU
		{8099C450-93BB-4915-93E4-81EC2D932F8A}.Release|Any CPU.Build.0 = Release|Any CPU
		{450FF36C-2A3C-4AE0-A953-DD778FE2E8BB}.Debug|Any CPU.ActiveCfg = Debug|Any CPU
		{450FF36C-2A3C-4AE0-A953-DD778FE2E8BB}.Debug|Any CPU.Build.0 = Debug|Any CPU
		{450FF36C-2A3C-4AE0-A953-DD778FE2E8BB}.Release|Any CPU.ActiveCfg = Release|Any CPU
		{450FF36C-2A3C-4AE0-A953-DD778FE2E8BB}.Release|Any CPU.Build.0 = Release|Any CPU
	EndGlobalSection
	GlobalSection(SolutionProperties) = preSolution
		HideSolutionNode = FALSE
	EndGlobalSection
	GlobalSection(ExtensibilityGlobals) = postSolution
		SolutionGuid = {E2C9CFAD-BA2C-40E6-876F-89C30EFF58E9}
	EndGlobalSection
EndGlobal
